// !$*UTF8*$!
{
	archiveVersion = 1;
	classes = {
	};
	objectVersion = 77;
	objects = {

/* Begin PBXContainerItemProxy section */
		1D7E1F8F2E568EEC0042DC19 /* PBXContainerItemProxy */ = {
			isa = PBXContainerItemProxy;
			containerPortal = 1D7E1F702E568EE80042DC19 /* Project object */;
			proxyType = 1;
			remoteGlobalIDString = 1D7E1F772E568EE80042DC19;
			remoteInfo = pawGram;
		};
		1D7E1F992E568EEC0042DC19 /* PBXContainerItemProxy */ = {
			isa = PBXContainerItemProxy;
			containerPortal = 1D7E1F702E568EE80042DC19 /* Project object */;
			proxyType = 1;
			remoteGlobalIDString = 1D7E1F772E568EE80042DC19;
			remoteInfo = pawGram;
		};
/* End PBXContainerItemProxy section */

/* Begin PBXFileReference section */
		1D7E1F782E568EE80042DC19 /* patiTalk.app */ = {isa = PBXFileReference; explicitFileType = wrapper.application; includeInIndex = 0; path = patiTalk.app; sourceTree = BUILT_PRODUCTS_DIR; };
		1D7E1F8E2E568EEC0042DC19 /* pawGramTests.xctest */ = {isa = PBXFileReference; explicitFileType = wrapper.cfbundle; includeInIndex = 0; path = pawGramTests.xctest; sourceTree = BUILT_PRODUCTS_DIR; };
		1D7E1F982E568EEC0042DC19 /* pawGramUITests.xctest */ = {isa = PBXFileReference; explicitFileType = wrapper.cfbundle; includeInIndex = 0; path = pawGramUITests.xctest; sourceTree = BUILT_PRODUCTS_DIR; };
/* End PBXFileReference section */

/* Begin PBXFileSystemSynchronizedBuildFileExceptionSet section */
		1D7E1FA02E568EEC0042DC19 /* Exceptions for "pawGram" folder in "patiTalk" target */ = {
			isa = PBXFileSystemSynchronizedBuildFileExceptionSet;
			membershipExceptions = (
				Info.plist,
			);
			target = 1D7E1F772E568EE80042DC19 /* patiTalk */;
		};
/* End PBXFileSystemSynchronizedBuildFileExceptionSet section */

/* Begin PBXFileSystemSynchronizedRootGroup section */
		1D7E1F7A2E568EE80042DC19 /* pawGram */ = {
			isa = PBXFileSystemSynchronizedRootGroup;
			exceptions = (
				1D7E1FA02E568EEC0042DC19 /* Exceptions for "pawGram" folder in "patiTalk" target */,
			);
			path = pawGram;
			sourceTree = "<group>";
		};
		1D7E1F912E568EEC0042DC19 /* pawGramTests */ = {
			isa = PBXFileSystemSynchronizedRootGroup;
			path = pawGramTests;
			sourceTree = "<group>";
		};
		1D7E1F9B2E568EEC0042DC19 /* pawGramUITests */ = {
			isa = PBXFileSystemSynchronizedRootGroup;
			path = pawGramUITests;
			sourceTree = "<group>";
		};
/* End PBXFileSystemSynchronizedRootGroup section */

/* Begin PBXFrameworksBuildPhase section */
		1D7E1F752E568EE80042DC19 /* Frameworks */ = {
			isa = PBXFrameworksBuildPhase;
			buildActionMask = 2147483647;
			files = (
			);
			runOnlyForDeploymentPostprocessing = 0;
		};
		1D7E1F8B2E568EEC0042DC19 /* Frameworks */ = {
			isa = PBXFrameworksBuildPhase;
			buildActionMask = 2147483647;
			files = (
			);
			runOnlyForDeploymentPostprocessing = 0;
		};
		1D7E1F952E568EEC0042DC19 /* Frameworks */ = {
			isa = PBXFrameworksBuildPhase;
			buildActionMask = 2147483647;
			files = (
			);
			runOnlyForDeploymentPostprocessing = 0;
		};
/* End PBXFrameworksBuildPhase section */

/* Begin PBXGroup section */
		1D7E1F6F2E568EE80042DC19 = {
			isa = PBXGroup;
			children = (
				1D7E1F7A2E568EE80042DC19 /* pawGram */,
				1D7E1F912E568EEC0042DC19 /* pawGramTests */,
				1D7E1F9B2E568EEC0042DC19 /* pawGramUITests */,
				1D7E1F792E568EE80042DC19 /* Products */,
			);
			sourceTree = "<group>";
		};
		1D7E1F792E568EE80042DC19 /* Products */ = {
			isa = PBXGroup;
			children = (
				1D7E1F782E568EE80042DC19 /* patiTalk.app */,
				1D7E1F8E2E568EEC0042DC19 /* pawGramTests.xctest */,
				1D7E1F982E568EEC0042DC19 /* pawGramUITests.xctest */,
			);
			name = Products;
			sourceTree = "<group>";
		};
/* End PBXGroup section */

/* Begin PBXNativeTarget section */
		1D7E1F772E568EE80042DC19 /* patiTalk */ = {
			isa = PBXNativeTarget;
			buildConfigurationList = 1D7E1FA12E568EEC0042DC19 /* Build configuration list for PBXNativeTarget "patiTalk" */;
			buildPhases = (
				1D7E1F742E568EE80042DC19 /* Sources */,
				1D7E1F752E568EE80042DC19 /* Frameworks */,
				1D7E1F762E568EE80042DC19 /* Resources */,
			);
			buildRules = (
			);
			dependencies = (
			);
			fileSystemSynchronizedGroups = (
				1D7E1F7A2E568EE80042DC19 /* pawGram */,
			);
			name = patiTalk;
			packageProductDependencies = (
			);
			productName = pawGram;
			productReference = 1D7E1F782E568EE80042DC19 /* patiTalk.app */;
			productType = "com.apple.product-type.application";
		};
		1D7E1F8D2E568EEC0042DC19 /* pawGramTests */ = {
			isa = PBXNativeTarget;
			buildConfigurationList = 1D7E1FA62E568EEC0042DC19 /* Build configuration list for PBXNativeTarget "pawGramTests" */;
			buildPhases = (
				1D7E1F8A2E568EEC0042DC19 /* Sources */,
				1D7E1F8B2E568EEC0042DC19 /* Frameworks */,
				1D7E1F8C2E568EEC0042DC19 /* Resources */,
			);
			buildRules = (
			);
			dependencies = (
				1D7E1F902E568EEC0042DC19 /* PBXTargetDependency */,
			);
			fileSystemSynchronizedGroups = (
				1D7E1F912E568EEC0042DC19 /* pawGramTests */,
			);
			name = pawGramTests;
			packageProductDependencies = (
			);
			productName = pawGramTests;
			productReference = 1D7E1F8E2E568EEC0042DC19 /* pawGramTests.xctest */;
			productType = "com.apple.product-type.bundle.unit-test";
		};
		1D7E1F972E568EEC0042DC19 /* pawGramUITests */ = {
			isa = PBXNativeTarget;
			buildConfigurationList = 1D7E1FA92E568EEC0042DC19 /* Build configuration list for PBXNativeTarget "pawGramUITests" */;
			buildPhases = (
				1D7E1F942E568EEC0042DC19 /* Sources */,
				1D7E1F952E568EEC0042DC19 /* Frameworks */,
				1D7E1F962E568EEC0042DC19 /* Resources */,
			);
			buildRules = (
			);
			dependencies = (
				1D7E1F9A2E568EEC0042DC19 /* PBXTargetDependency */,
			);
			fileSystemSynchronizedGroups = (
				1D7E1F9B2E568EEC0042DC19 /* pawGramUITests */,
			);
			name = pawGramUITests;
			packageProductDependencies = (
			);
			productName = pawGramUITests;
			productReference = 1D7E1F982E568EEC0042DC19 /* pawGramUITests.xctest */;
			productType = "com.apple.product-type.bundle.ui-testing";
		};
/* End PBXNativeTarget section */

/* Begin PBXProject section */
		1D7E1F702E568EE80042DC19 /* Project object */ = {
			isa = PBXProject;
			attributes = {
				BuildIndependentTargetsInParallel = 1;
				LastSwiftUpdateCheck = 1640;
				LastUpgradeCheck = 1640;
				TargetAttributes = {
					1D7E1F772E568EE80042DC19 = {
						CreatedOnToolsVersion = 16.4;
					};
					1D7E1F8D2E568EEC0042DC19 = {
						CreatedOnToolsVersion = 16.4;
						TestTargetID = 1D7E1F772E568EE80042DC19;
					};
					1D7E1F972E568EEC0042DC19 = {
						CreatedOnToolsVersion = 16.4;
						TestTargetID = 1D7E1F772E568EE80042DC19;
					};
				};
			};
			buildConfigurationList = 1D7E1F732E568EE80042DC19 /* Build configuration list for PBXProject "pawGram" */;
			developmentRegion = en;
			hasScannedForEncodings = 0;
			knownRegions = (
				en,
				Base,
			);
			mainGroup = 1D7E1F6F2E568EE80042DC19;
			minimizedProjectReferenceProxies = 1;
			preferredProjectObjectVersion = 77;
			productRefGroup = 1D7E1F792E568EE80042DC19 /* Products */;
			projectDirPath = "";
			projectRoot = "";
			targets = (
				1D7E1F772E568EE80042DC19 /* patiTalk */,
				1D7E1F8D2E568EEC0042DC19 /* pawGramTests */,
				1D7E1F972E568EEC0042DC19 /* pawGramUITests */,
			);
		};
/* End PBXProject section */

/* Begin PBXResourcesBuildPhase section */
		1D7E1F762E568EE80042DC19 /* Resources */ = {
			isa = PBXResourcesBuildPhase;
			buildActionMask = 2147483647;
			files = (
			);
			runOnlyForDeploymentPostprocessing = 0;
		};
		1D7E1F8C2E568EEC0042DC19 /* Resources */ = {
			isa = PBXResourcesBuildPhase;
			buildActionMask = 2147483647;
			files = (
			);
			runOnlyForDeploymentPostprocessing = 0;
		};
		1D7E1F962E568EEC0042DC19 /* Resources */ = {
			isa = PBXResourcesBuildPhase;
			buildActionMask = 2147483647;
			files = (
			);
			runOnlyForDeploymentPostprocessing = 0;
		};
/* End PBXResourcesBuildPhase section */

/* Begin PBXSourcesBuildPhase section */
		1D7E1F742E568EE80042DC19 /* Sources */ = {
			isa = PBXSourcesBuildPhase;
			buildActionMask = 2147483647;
			files = (
			);
			runOnlyForDeploymentPostprocessing = 0;
		};
		1D7E1F8A2E568EEC0042DC19 /* Sources */ = {
			isa = PBXSourcesBuildPhase;
			buildActionMask = 2147483647;
			files = (
			);
			runOnlyForDeploymentPostprocessing = 0;
		};
		1D7E1F942E568EEC0042DC19 /* Sources */ = {
			isa = PBXSourcesBuildPhase;
			buildActionMask = 2147483647;
			files = (
			);
			runOnlyForDeploymentPostprocessing = 0;
		};
/* End PBXSourcesBuildPhase section */

/* Begin PBXTargetDependency section */
		1D7E1F902E568EEC0042DC19 /* PBXTargetDependency */ = {
			isa = PBXTargetDependency;
			target = 1D7E1F772E568EE80042DC19 /* patiTalk */;
			targetProxy = 1D7E1F8F2E568EEC0042DC19 /* PBXContainerItemProxy */;
		};
		1D7E1F9A2E568EEC0042DC19 /* PBXTargetDependency */ = {
			isa = PBXTargetDependency;
			target = 1D7E1F772E568EE80042DC19 /* patiTalk */;
			targetProxy = 1D7E1F992E568EEC0042DC19 /* PBXContainerItemProxy */;
		};
/* End PBXTargetDependency section */

/* Begin XCBuildConfiguration section */
		1D7E1FA22E568EEC0042DC19 /* Debug */ = {
			isa = XCBuildConfiguration;
			buildSettings = {
				ASSETCATALOG_COMPILER_APPICON_NAME = AppIcon;
				ASSETCATALOG_COMPILER_GLOBAL_ACCENT_COLOR_NAME = AccentColor;
				CODE_SIGN_STYLE = Automatic;
				CURRENT_PROJECT_VERSION = 1;
				GENERATE_INFOPLIST_FILE = YES;
				INFOPLIST_FILE = pawGram/Info.plist;
				INFOPLIST_KEY_UIApplicationSupportsIndirectInputEvents = YES;
				INFOPLIST_KEY_UILaunchStoryboardName = LaunchScreen;
				INFOPLIST_KEY_UIMainStoryboardFile = Main;
				INFOPLIST_KEY_UISupportedInterfaceOrientations_iPad = "UIInterfaceOrientationPortrait UIInterfaceOrientationPortraitUpsideDown UIInterfaceOrientationLandscapeLeft UIInterfaceOrientationLandscapeRight";
				INFOPLIST_KEY_UISupportedInterfaceOrientations_iPhone = "UIInterfaceOrientationPortrait UIInterfaceOrientationLandscapeLeft UIInterfaceOrientationLandscapeRight";
				LD_RUNPATH_SEARCH_PATHS = (
					"$(inherited)",
					"@executable_path/Frameworks",
				);
				MARKETING_VERSION = 1.0;
				PRODUCT_BUNDLE_IDENTIFIER = bensuozyurt.pawGram;
				PRODUCT_NAME = "$(TARGET_NAME)";
				SWIFT_EMIT_LOC_STRINGS = YES;
				SWIFT_VERSION = 5.0;
				TARGETED_DEVICE_FAMILY = "1,2";
			};
			name = Debug;
		};
		1D7E1FA32E568EEC0042DC19 /* Release */ = {
			isa = XCBuildConfiguration;
			buildSettings = {
				ASSETCATALOG_COMPILER_APPICON_NAME = AppIcon;
				ASSETCATALOG_COMPILER_GLOBAL_ACCENT_COLOR_NAME = AccentColor;
				CODE_SIGN_STYLE = Automatic;
				CURRENT_PROJECT_VERSION = 1;
				GENERATE_INFOPLIST_FILE = YES;
				INFOPLIST_FILE = pawGram/Info.plist;
				INFOPLIST_KEY_UIApplicationSupportsIndirectInputEvents = YES;
				INFOPLIST_KEY_UILaunchStoryboardName = LaunchScreen;
				INFOPLIST_KEY_UIMainStoryboardFile = Main;
				INFOPLIST_KEY_UISupportedInterfaceOrientations_iPad = "UIInterfaceOrientationPortrait UIInterfaceOrientationPortraitUpsideDown UIInterfaceOrientationLandscapeLeft UIInterfaceOrientationLandscapeRight";
				INFOPLIST_KEY_UISupportedInterfaceOrientations_iPhone = "UIInterfaceOrientationPortrait UIInterfaceOrientationLandscapeLeft UIInterfaceOrientationLandscapeRight";
				LD_RUNPATH_SEARCH_PATHS = (
					"$(inherited)",
					"@executable_path/Frameworks",
				);
				MARKETING_VERSION = 1.0;
				PRODUCT_BUNDLE_IDENTIFIER = bensuozyurt.pawGram;
				PRODUCT_NAME = "$(TARGET_NAME)";
				SWIFT_EMIT_LOC_STRINGS = YES;
				SWIFT_VERSION = 5.0;
				TARGETED_DEVICE_FAMILY = "1,2";
			};
			name = Release;
		};
		1D7E1FA42E568EEC0042DC19 /* Debug */ = {
			isa = XCBuildConfiguration;
			buildSettings = {
				ALWAYS_SEARCH_USER_PATHS = NO;
				ASSETCATALOG_COMPILER_GENERATE_SWIFT_ASSET_SYMBOL_EXTENSIONS = YES;
				CLANG_ANALYZER_NONNULL = YES;
				CLANG_ANALYZER_NUMBER_OBJECT_CONVERSION = YES_AGGRESSIVE;
				CLANG_CXX_LANGUAGE_STANDARD = "gnu++20";
				CLANG_ENABLE_MODULES = YES;
				CLANG_ENABLE_OBJC_ARC = YES;
				CLANG_ENABLE_OBJC_WEAK = YES;
				CLANG_WARN_BLOCK_CAPTURE_AUTORELEASING = YES;
				CLANG_WARN_BOOL_CONVERSION = YES;
				CLANG_WARN_COMMA = YES;
				CLANG_WARN_CONSTANT_CONVERSION = YES;
				CLANG_WARN_DEPRECATED_OBJC_IMPLEMENTATIONS = YES;
				CLANG_WARN_DIRECT_OBJC_ISA_USAGE = YES_ERROR;
				CLANG_WARN_DOCUMENTATION_COMMENTS = YES;
				CLANG_WARN_EMPTY_BODY = YES;
				CLANG_WARN_ENUM_CONVERSION = YES;
				CLANG_WARN_INFINITE_RECURSION = YES;
				CLANG_WARN_INT_CONVERSION = YES;
				CLANG_WARN_NON_LITERAL_NULL_CONVERSION = YES;
				CLANG_WARN_OBJC_IMPLICIT_RETAIN_SELF = YES;
				CLANG_WARN_OBJC_LITERAL_CONVERSION = YES;
				CLANG_WARN_OBJC_ROOT_CLASS = YES_ERROR;
				CLANG_WARN_QUOTED_INCLUDE_IN_FRAMEWORK_HEADER = YES;
				CLANG_WARN_RANGE_LOOP_ANALYSIS = YES;
				CLANG_WARN_STRICT_PROTOTYPES = YES;
				CLANG_WARN_SUSPICIOUS_MOVE = YES;
				CLANG_WARN_UNGUARDED_AVAILABILITY = YES_AGGRESSIVE;
				CLANG_WARN_UNREACHABLE_CODE = YES;
				CLANG_WARN__DUPLICATE_METHOD_MATCH = YES;
				COPY_PHASE_STRIP = NO;
				DEBUG_INFORMATION_FORMAT = dwarf;
				ENABLE_STRICT_OBJC_MSGSEND = YES;
				ENABLE_TESTABILITY = YES;
				ENABLE_USER_SCRIPT_SANDBOXING = YES;
				GCC_C_LANGUAGE_STANDARD = gnu17;
				GCC_DYNAMIC_NO_PIC = NO;
				GCC_NO_COMMON_BLOCKS = YES;
				GCC_OPTIMIZATION_LEVEL = 0;
				GCC_PREPROCESSOR_DEFINITIONS = (
					"DEBUG=1",
					"$(inherited)",
				);
				GCC_WARN_64_TO_32_BIT_CONVERSION = YES;
				GCC_WARN_ABOUT_RETURN_TYPE = YES_ERROR;
				GCC_WARN_UNDECLARED_SELECTOR = YES;
				GCC_WARN_UNINITIALIZED_AUTOS = YES_AGGRESSIVE;
				GCC_WARN_UNUSED_FUNCTION = YES;
				GCC_WARN_UNUSED_VARIABLE = YES;
				IPHONEOS_DEPLOYMENT_TARGET = 18.5;
				LOCALIZATION_PREFERS_STRING_CATALOGS = YES;
				MTL_ENABLE_DEBUG_INFO = INCLUDE_SOURCE;
				MTL_FAST_MATH = YES;
				ONLY_ACTIVE_ARCH = YES;
				SDKROOT = iphoneos;
				SWIFT_ACTIVE_COMPILATION_CONDITIONS = "DEBUG $(inherited)";
				SWIFT_OPTIMIZATION_LEVEL = "-Onone";
			};
			name = Debug;
		};
		1D7E1FA52E568EEC0042DC19 /* Release */ = {
			isa = XCBuildConfiguration;
			buildSettings = {
				ALWAYS_SEARCH_USER_PATHS = NO;
				ASSETCATALOG_COMPILER_GENERATE_SWIFT_ASSET_SYMBOL_EXTENSIONS = YES;
				CLANG_ANALYZER_NONNULL = YES;
				CLANG_ANALYZER_NUMBER_OBJECT_CONVERSION = YES_AGGRESSIVE;
				CLANG_CXX_LANGUAGE_STANDARD = "gnu++20";
				CLANG_ENABLE_MODULES = YES;
				CLANG_ENABLE_OBJC_ARC = YES;
				CLANG_ENABLE_OBJC_WEAK = YES;
				CLANG_WARN_BLOCK_CAPTURE_AUTORELEASING = YES;
				CLANG_WARN_BOOL_CONVERSION = YES;
				CLANG_WARN_COMMA = YES;
				CLANG_WARN_CONSTANT_CONVERSION = YES;
				CLANG_WARN_DEPRECATED_OBJC_IMPLEMENTATIONS = YES;
				CLANG_WARN_DIRECT_OBJC_ISA_USAGE = YES_ERROR;
				CLANG_WARN_DOCUMENTATION_COMMENTS = YES;
				CLANG_WARN_EMPTY_BODY = YES;
				CLANG_WARN_ENUM_CONVERSION = YES;
				CLANG_WARN_INFINITE_RECURSION = YES;
				CLANG_WARN_INT_CONVERSION = YES;
				CLANG_WARN_NON_LITERAL_NULL_CONVERSION = YES;
				CLANG_WARN_OBJC_IMPLICIT_RETAIN_SELF = YES;
				CLANG_WARN_OBJC_LITERAL_CONVERSION = YES;
				CLANG_WARN_OBJC_ROOT_CLASS = YES_ERROR;
				CLANG_WARN_QUOTED_INCLUDE_IN_FRAMEWORK_HEADER = YES;
				CLANG_WARN_RANGE_LOOP_ANALYSIS = YES;
				CLANG_WARN_STRICT_PROTOTYPES = YES;
				CLANG_WARN_SUSPICIOUS_MOVE = YES;
				CLANG_WARN_UNGUARDED_AVAILABILITY = YES_AGGRESSIVE;
				CLANG_WARN_UNREACHABLE_CODE = YES;
				CLANG_WARN__DUPLICATE_METHOD_MATCH = YES;
				COPY_PHASE_STRIP = NO;
				DEBUG_INFORMATION_FORMAT = "dwarf-with-dsym";
				ENABLE_NS_ASSERTIONS = NO;
				ENABLE_STRICT_OBJC_MSGSEND = YES;
				ENABLE_USER_SCRIPT_SANDBOXING = YES;
				GCC_C_LANGUAGE_STANDARD = gnu17;
				GCC_NO_COMMON_BLOCKS = YES;
				GCC_WARN_64_TO_32_BIT_CONVERSION = YES;
				GCC_WARN_ABOUT_RETURN_TYPE = YES_ERROR;
				GCC_WARN_UNDECLARED_SELECTOR = YES;
				GCC_WARN_UNINITIALIZED_AUTOS = YES_AGGRESSIVE;
				GCC_WARN_UNUSED_FUNCTION = YES;
				GCC_WARN_UNUSED_VARIABLE = YES;
				IPHONEOS_DEPLOYMENT_TARGET = 18.5;
				LOCALIZATION_PREFERS_STRING_CATALOGS = YES;
				MTL_ENABLE_DEBUG_INFO = NO;
				MTL_FAST_MATH = YES;
				SDKROOT = iphoneos;
				SWIFT_COMPILATION_MODE = wholemodule;
				VALIDATE_PRODUCT = YES;
			};
			name = Release;
		};
		1D7E1FA72E568EEC0042DC19 /* Debug */ = {
			isa = XCBuildConfiguration;
			buildSettings = {
				BUNDLE_LOADER = "$(TEST_HOST)";
				CODE_SIGN_STYLE = Automatic;
				CURRENT_PROJECT_VERSION = 1;
				GENERATE_INFOPLIST_FILE = YES;
				IPHONEOS_DEPLOYMENT_TARGET = 18.5;
				MARKETING_VERSION = 1.0;
				PRODUCT_BUNDLE_IDENTIFIER = bensuozyurt.pawGramTests;
				PRODUCT_NAME = "$(TARGET_NAME)";
				SWIFT_EMIT_LOC_STRINGS = NO;
				SWIFT_VERSION = 5.0;
				TARGETED_DEVICE_FAMILY = "1,2";
				TEST_HOST = "$(BUILT_PRODUCTS_DIR)/pawGram.app/$(BUNDLE_EXECUTABLE_FOLDER_PATH)/pawGram";
			};
			name = Debug;
		};
		1D7E1FA82E568EEC0042DC19 /* Release */ = {
			isa = XCBuildConfiguration;
			buildSettings = {
				BUNDLE_LOADER = "$(TEST_HOST)";
				CODE_SIGN_STYLE = Automatic;
				CURRENT_PROJECT_VERSION = 1;
				GENERATE_INFOPLIST_FILE = YES;
				IPHONEOS_DEPLOYMENT_TARGET = 18.5;
				MARKETING_VERSION = 1.0;
				PRODUCT_BUNDLE_IDENTIFIER = bensuozyurt.pawGramTests;
				PRODUCT_NAME = "$(TARGET_NAME)";
				SWIFT_EMIT_LOC_STRINGS = NO;
				SWIFT_VERSION = 5.0;
				TARGETED_DEVICE_FAMILY = "1,2";
				TEST_HOST = "$(BUILT_PRODUCTS_DIR)/pawGram.app/$(BUNDLE_EXECUTABLE_FOLDER_PATH)/pawGram";
			};
			name = Release;
		};
		1D7E1FAA2E568EEC0042DC19 /* Debug */ = {
			isa = XCBuildConfiguration;
			buildSettings = {
				CODE_SIGN_STYLE = Automatic;
				CURRENT_PROJECT_VERSION = 1;
				GENERATE_INFOPLIST_FILE = YES;
				MARKETING_VERSION = 1.0;
				PRODUCT_BUNDLE_IDENTIFIER = bensuozyurt.pawGramUITests;
				PRODUCT_NAME = "$(TARGET_NAME)";
				SWIFT_EMIT_LOC_STRINGS = NO;
				SWIFT_VERSION = 5.0;
				TARGETED_DEVICE_FAMILY = "1,2";
				TEST_TARGET_NAME = pawGram;
			};
			name = Debug;
		};
		1D7E1FAB2E568EEC0042DC19 /* Release */ = {
			isa = XCBuildConfiguration;
			buildSettings = {
				CODE_SIGN_STYLE = Automatic;
				CURRENT_PROJECT_VERSION = 1;
				GENERATE_INFOPLIST_FILE = YES;
				MARKETING_VERSION = 1.0;
				PRODUCT_BUNDLE_IDENTIFIER = bensuozyurt.pawGramUITests;
				PRODUCT_NAME = "$(TARGET_NAME)";
				SWIFT_EMIT_LOC_STRINGS = NO;
				SWIFT_VERSION = 5.0;
				TARGETED_DEVICE_FAMILY = "1,2";
				TEST_TARGET_NAME = pawGram;
			};
			name = Release;
		};
/* End XCBuildConfiguration section */

/* Begin XCConfigurationList section */
		1D7E1F732E568EE80042DC19 /* Build configuration list for PBXProject "pawGram" */ = {
			isa = XCConfigurationList;
			buildConfigurations = (
				1D7E1FA42E568EEC0042DC19 /* Debug */,
				1D7E1FA52E568EEC0042DC19 /* Release */,
			);
			defaultConfigurationIsVisible = 0;
			defaultConfigurationName = Release;
		};
		1D7E1FA12E568EEC0042DC19 /* Build configuration list for PBXNativeTarget "patiTalk" */ = {
			isa = XCConfigurationList;
			buildConfigurations = (
				1D7E1FA22E568EEC0042DC19 /* Debug */,
				1D7E1FA32E568EEC0042DC19 /* Release */,
			);
			defaultConfigurationIsVisible = 0;
			defaultConfigurationName = Release;
		};
		1D7E1FA62E568EEC0042DC19 /* Build configuration list for PBXNativeTarget "pawGramTests" */ = {
			isa = XCConfigurationList;
			buildConfigurations = (
				1D7E1FA72E568EEC0042DC19 /* Debug */,
				1D7E1FA82E568EEC0042DC19 /* Release */,
			);
			defaultConfigurationIsVisible = 0;
			defaultConfigurationName = Release;
		};
		1D7E1FA92E568EEC0042DC19 /* Build configuration list for PBXNativeTarget "pawGramUITests" */ = {
			isa = XCConfigurationList;
			buildConfigurations = (
				1D7E1FAA2E568EEC0042DC19 /* Debug */,
				1D7E1FAB2E568EEC0042DC19 /* Release */,
			);
			defaultConfigurationIsVisible = 0;
			defaultConfigurationName = Release;
		};
/* End XCConfigurationList section */
	};
	rootObject = 1D7E1F702E568EE80042DC19 /* Project object */;
}
